
Microsoft Visual Studio Solution File, Format Version 12.00
# Visual Studio Version 17
VisualStudioVersion = 17.0.31903.59
MinimumVisualStudioVersion = 10.0.40219.1
Project("{FAE04EC0-301F-11D3-BF4B-00C04F79EFBC}") = "ClassLibrary", "Class_Library\ClassLibrary.csproj", "{761F7AB7-4C24-4A3F-96A5-15D22B49B2B8}"
EndProject
Project("{FAE04EC0-301F-11D3-BF4B-00C04F79EFBC}") = "ConsoleApp", "Console_App\ConsoleApp.csproj", "{5954BC43-4E3B-4EE1-865E-E26CB946D205}"
EndProject
Project("{FAE04EC0-301F-11D3-BF4B-00C04F79EFBC}") = "UnitTesting", "Unit_Testing\UnitTesting.csproj", "{0E526ACA-32A5-4BBF-B268-2A815807FEC6}"
EndProject
Global
	GlobalSection(SolutionConfigurationPlatforms) = preSolution
		Debug|Any CPU = Debug|Any CPU
		Release|Any CPU = Release|Any CPU
	EndGlobalSection
	GlobalSection(SolutionProperties) = preSolution
		HideSolutionNode = FALSE
	EndGlobalSection
	GlobalSection(ProjectConfigurationPlatforms) = postSolution
		{761F7AB7-4C24-4A3F-96A5-15D22B49B2B8}.Debug|Any CPU.ActiveCfg = Debug|Any CPU
		{761F7AB7-4C24-4A3F-96A5-15D22B49B2B8}.Debug|Any CPU.Build.0 = Debug|Any CPU
		{761F7AB7-4C24-4A3F-96A5-15D22B49B2B8}.Release|Any CPU.ActiveCfg = Release|Any CPU
		{761F7AB7-4C24-4A3F-96A5-15D22B49B2B8}.Release|Any CPU.Build.0 = Release|Any CPU
		{5954BC43-4E3B-4EE1-865E-E26CB946D205}.Debug|Any CPU.ActiveCfg = Debug|Any CPU
		{5954BC43-4E3B-4EE1-865E-E26CB946D205}.Debug|Any CPU.Build.0 = Debug|Any CPU
		{5954BC43-4E3B-4EE1-865E-E26CB946D205}.Release|Any CPU.ActiveCfg = Release|Any CPU
		{5954BC43-4E3B-4EE1-865E-E26CB946D205}.Release|Any CPU.Build.0 = Release|Any CPU
		{1B5ED28D-4ABB-4574-B70D-0433F8A7BBEF}.Debug|Any CPU.ActiveCfg = Debug|Any CPU
		{1B5ED28D-4ABB-4574-B70D-0433F8A7BBEF}.Debug|Any CPU.Build.0 = Debug|Any CPU
		{1B5ED28D-4ABB-4574-B70D-0433F8A7BBEF}.Release|Any CPU.ActiveCfg = Release|Any CPU
		{1B5ED28D-4ABB-4574-B70D-0433F8A7BBEF}.Release|Any CPU.Build.0 = Release|Any CPU
		{80AAB999-2C7F-49CC-97EC-0AF030639430}.Debug|Any CPU.ActiveCfg = Debug|Any CPU
		{80AAB999-2C7F-49CC-97EC-0AF030639430}.Debug|Any CPU.Build.0 = Debug|Any CPU
		{80AAB999-2C7F-49CC-97EC-0AF030639430}.Release|Any CPU.ActiveCfg = Release|Any CPU
		{80AAB999-2C7F-49CC-97EC-0AF030639430}.Release|Any CPU.Build.0 = Release|Any CPU
		{0E526ACA-32A5-4BBF-B268-2A815807FEC6}.Debug|Any CPU.ActiveCfg = Debug|Any CPU
		{0E526ACA-32A5-4BBF-B268-2A815807FEC6}.Debug|Any CPU.Build.0 = Debug|Any CPU
		{0E526ACA-32A5-4BBF-B268-2A815807FEC6}.Release|Any CPU.ActiveCfg = Release|Any CPU
		{0E526ACA-32A5-4BBF-B268-2A815807FEC6}.Release|Any CPU.Build.0 = Release|Any CPU
	EndGlobalSection
EndGlobal
